
Microsoft Visual Studio Solution File, Format Version 12.00
# Visual Studio Version 17
VisualStudioVersion = 17.4.33122.133
MinimumVisualStudioVersion = 10.0.40219.1
Project("{FAE04EC0-301F-11D3-BF4B-00C04F79EFBC}") = "AdventDay1", "AdventDay1\AdventDay1.csproj", "{153CA0E7-971D-465C-9748-D7019AED8F67}"
EndProject
Global
	GlobalSection(SolutionConfigurationPlatforms) = preSolution
		Debug|Any CPU = Debug|Any CPU
		Release|Any CPU = Release|Any CPU
	EndGlobalSection
	GlobalSection(ProjectConfigurationPlatforms) = postSolution
		{153CA0E7-971D-465C-9748-D7019AED8F67}.Debug|Any CPU.ActiveCfg = Debug|Any CPU
		{153CA0E7-971D-465C-9748-D7019AED8F67}.Debug|Any CPU.Build.0 = Debug|Any CPU
		{153CA0E7-971D-465C-9748-D7019AED8F67}.Release|Any CPU.ActiveCfg = Release|Any CPU
		{153CA0E7-971D-465C-9748-D7019AED8F67}.Release|Any CPU.Build.0 = Release|Any CPU
	EndGlobalSection
	GlobalSection(SolutionProperties) = preSolution
		HideSolutionNode = FALSE
	EndGlobalSection
	GlobalSection(ExtensibilityGlobals) = postSolution
		SolutionGuid = {9CFB7B5E-F063-4A45-81B4-C3EA2F202D1B}
	EndGlobalSection
EndGlobal
